// !$*UTF8*$!
{
	archiveVersion = 1;
	classes = {
	};
	objectVersion = 50;
	objects = {

/* Begin PBXBuildFile section */
		1B8342F82711E70100BB9862 /* Post.swift in Sources */ = {isa = PBXBuildFile; fileRef = 1B8342F72711E70100BB9862 /* Post.swift */; };
		1B8342FA2711E72300BB9862 /* PostHeader.swift in Sources */ = {isa = PBXBuildFile; fileRef = 1B8342F92711E72300BB9862 /* PostHeader.swift */; };
		1B8342FC2711E73000BB9862 /* PostContent.swift in Sources */ = {isa = PBXBuildFile; fileRef = 1B8342FB2711E73000BB9862 /* PostContent.swift */; };
		1B8342FE2711E73C00BB9862 /* InteractionBar.swift in Sources */ = {isa = PBXBuildFile; fileRef = 1B8342FD2711E73C00BB9862 /* InteractionBar.swift */; };
		1B8343012711E79800BB9862 /* ProfileImage.swift in Sources */ = {isa = PBXBuildFile; fileRef = 1B8343002711E79800BB9862 /* ProfileImage.swift */; };
		1B8343042711E7DA00BB9862 /* Models.swift in Sources */ = {isa = PBXBuildFile; fileRef = 1B8343032711E7DA00BB9862 /* Models.swift */; };
		1B8343072711E84100BB9862 /* PostViewModel.swift in Sources */ = {isa = PBXBuildFile; fileRef = 1B8343062711E84100BB9862 /* PostViewModel.swift */; };
		1BA5632D27104945001F7EA1 /* SwiftUIGramApp.swift in Sources */ = {isa = PBXBuildFile; fileRef = 1BA5631A27104943001F7EA1 /* SwiftUIGramApp.swift */; };
		1BA5632F27104945001F7EA1 /* Feed.swift in Sources */ = {isa = PBXBuildFile; fileRef = 1BA5631B27104943001F7EA1 /* Feed.swift */; };
		1BA5633127104945001F7EA1 /* Assets.xcassets in Resources */ = {isa = PBXBuildFile; fileRef = 1BA5631C27104945001F7EA1 /* Assets.xcassets */; };
		1BA5633227104945001F7EA1 /* Assets.xcassets in Resources */ = {isa = PBXBuildFile; fileRef = 1BA5631C27104945001F7EA1 /* Assets.xcassets */; };
		1BA5633E2710496C001F7EA1 /* ImageFetcher.swift in Sources */ = {isa = PBXBuildFile; fileRef = 1BA5633D2710496C001F7EA1 /* ImageFetcher.swift */; };
		1BA5634227104A06001F7EA1 /* MacOSUIImage.swift in Sources */ = {isa = PBXBuildFile; fileRef = 1BA5634127104A06001F7EA1 /* MacOSUIImage.swift */; };
/* End PBXBuildFile section */

/* Begin PBXFileReference section */
		1B8342F72711E70100BB9862 /* Post.swift */ = {isa = PBXFileReference; lastKnownFileType = sourcecode.swift; path = Post.swift; sourceTree = "<group>"; };
		1B8342F92711E72300BB9862 /* PostHeader.swift */ = {isa = PBXFileReference; lastKnownFileType = sourcecode.swift; path = PostHeader.swift; sourceTree = "<group>"; };
		1B8342FB2711E73000BB9862 /* PostContent.swift */ = {isa = PBXFileReference; lastKnownFileType = sourcecode.swift; path = PostContent.swift; sourceTree = "<group>"; };
		1B8342FD2711E73C00BB9862 /* InteractionBar.swift */ = {isa = PBXFileReference; lastKnownFileType = sourcecode.swift; path = InteractionBar.swift; sourceTree = "<group>"; };
		1B8343002711E79800BB9862 /* ProfileImage.swift */ = {isa = PBXFileReference; lastKnownFileType = sourcecode.swift; path = ProfileImage.swift; sourceTree = "<group>"; };
		1B8343032711E7DA00BB9862 /* Models.swift */ = {isa = PBXFileReference; lastKnownFileType = sourcecode.swift; path = Models.swift; sourceTree = "<group>"; };
		1B8343062711E84100BB9862 /* PostViewModel.swift */ = {isa = PBXFileReference; lastKnownFileType = sourcecode.swift; path = PostViewModel.swift; sourceTree = "<group>"; };
		1BA5631A27104943001F7EA1 /* SwiftUIGramApp.swift */ = {isa = PBXFileReference; lastKnownFileType = sourcecode.swift; path = SwiftUIGramApp.swift; sourceTree = "<group>"; };
		1BA5631B27104943001F7EA1 /* Feed.swift */ = {isa = PBXFileReference; lastKnownFileType = sourcecode.swift; path = Feed.swift; sourceTree = "<group>"; };
		1BA5631C27104945001F7EA1 /* Assets.xcassets */ = {isa = PBXFileReference; lastKnownFileType = folder.assetcatalog; path = Assets.xcassets; sourceTree = "<group>"; };
		1BA5632127104945001F7EA1 /* SwiftUIGram.app */ = {isa = PBXFileReference; explicitFileType = wrapper.application; includeInIndex = 0; path = SwiftUIGram.app; sourceTree = BUILT_PRODUCTS_DIR; };
		1BA5632427104945001F7EA1 /* Info.plist */ = {isa = PBXFileReference; lastKnownFileType = text.plist.xml; path = Info.plist; sourceTree = "<group>"; };
		1BA5632927104945001F7EA1 /* SwiftUIGram.app */ = {isa = PBXFileReference; explicitFileType = wrapper.application; includeInIndex = 0; path = SwiftUIGram.app; sourceTree = BUILT_PRODUCTS_DIR; };
		1BA5632B27104945001F7EA1 /* Info.plist */ = {isa = PBXFileReference; lastKnownFileType = text.plist.xml; path = Info.plist; sourceTree = "<group>"; };
		1BA5632C27104945001F7EA1 /* macOS.entitlements */ = {isa = PBXFileReference; lastKnownFileType = text.plist.entitlements; path = macOS.entitlements; sourceTree = "<group>"; };
		1BA5633D2710496C001F7EA1 /* ImageFetcher.swift */ = {isa = PBXFileReference; lastKnownFileType = sourcecode.swift; path = ImageFetcher.swift; sourceTree = "<group>"; };
		1BA5634127104A06001F7EA1 /* MacOSUIImage.swift */ = {isa = PBXFileReference; lastKnownFileType = sourcecode.swift; path = MacOSUIImage.swift; sourceTree = "<group>"; };
/* End PBXFileReference section */

/* Begin PBXFrameworksBuildPhase section */
		1BA5631E27104945001F7EA1 /* Frameworks */ = {
			isa = PBXFrameworksBuildPhase;
			buildActionMask = 2147483647;
			files = (
			);
			runOnlyForDeploymentPostprocessing = 0;
		};
		1BA5632627104945001F7EA1 /* Frameworks */ = {
			isa = PBXFrameworksBuildPhase;
			buildActionMask = 2147483647;
			files = (
			);
			runOnlyForDeploymentPostprocessing = 0;
		};
/* End PBXFrameworksBuildPhase section */

/* Begin PBXGroup section */
		1B8342F52711E6E000BB9862 /* Post */ = {
			isa = PBXGroup;
			children = (
				1B8342F62711E6E600BB9862 /* Post Components */,
				1B8342F72711E70100BB9862 /* Post.swift */,
			);
			path = Post;
			sourceTree = "<group>";
		};
		1B8342F62711E6E600BB9862 /* Post Components */ = {
			isa = PBXGroup;
			children = (
				1B8342FF2711E78C00BB9862 /* Header */,
				1B8342FB2711E73000BB9862 /* PostContent.swift */,
				1B8342FD2711E73C00BB9862 /* InteractionBar.swift */,
			);
			path = "Post Components";
			sourceTree = "<group>";
		};
		1B8342FF2711E78C00BB9862 /* Header */ = {
			isa = PBXGroup;
			children = (
				1B8342F92711E72300BB9862 /* PostHeader.swift */,
				1B8343002711E79800BB9862 /* ProfileImage.swift */,
			);
			path = Header;
			sourceTree = "<group>";
		};
		1B8343022711E7D100BB9862 /* Models */ = {
			isa = PBXGroup;
			children = (
				1B8343032711E7DA00BB9862 /* Models.swift */,
			);
			path = Models;
			sourceTree = "<group>";
		};
		1B8343052711E83400BB9862 /* View Models */ = {
			isa = PBXGroup;
			children = (
				1B8343062711E84100BB9862 /* PostViewModel.swift */,
			);
			path = "View Models";
			sourceTree = "<group>";
		};
		1BA5631427104943001F7EA1 = {
			isa = PBXGroup;
			children = (
				1BA5631927104943001F7EA1 /* Shared */,
				1BA5632327104945001F7EA1 /* iOS */,
				1BA5632A27104945001F7EA1 /* macOS */,
				1BA5632227104945001F7EA1 /* Products */,
			);
			sourceTree = "<group>";
		};
		1BA5631927104943001F7EA1 /* Shared */ = {
			isa = PBXGroup;
			children = (
				1B8343052711E83400BB9862 /* View Models */,
				1B8343022711E7D100BB9862 /* Models */,
				1BA5633C27104957001F7EA1 /* Network Layer */,
				1BA5633B27104952001F7EA1 /* Views */,
				1BA5631A27104943001F7EA1 /* SwiftUIGramApp.swift */,
				1BA5631C27104945001F7EA1 /* Assets.xcassets */,
			);
			path = Shared;
			sourceTree = "<group>";
		};
		1BA5632227104945001F7EA1 /* Products */ = {
			isa = PBXGroup;
			children = (
				1BA5632127104945001F7EA1 /* SwiftUIGram.app */,
				1BA5632927104945001F7EA1 /* SwiftUIGram.app */,
			);
			name = Products;
			sourceTree = "<group>";
		};
		1BA5632327104945001F7EA1 /* iOS */ = {
			isa = PBXGroup;
			children = (
				1BA5632427104945001F7EA1 /* Info.plist */,
			);
			path = iOS;
			sourceTree = "<group>";
		};
		1BA5632A27104945001F7EA1 /* macOS */ = {
			isa = PBXGroup;
			children = (
				1BA56340271049F3001F7EA1 /* Helpers */,
				1BA5632B27104945001F7EA1 /* Info.plist */,
				1BA5632C27104945001F7EA1 /* macOS.entitlements */,
			);
			path = macOS;
			sourceTree = "<group>";
		};
		1BA5633B27104952001F7EA1 /* Views */ = {
			isa = PBXGroup;
			children = (
				1BA5631B27104943001F7EA1 /* Feed.swift */,
				1B8342F52711E6E000BB9862 /* Post */,
			);
			path = Views;
			sourceTree = "<group>";
		};
		1BA5633C27104957001F7EA1 /* Network Layer */ = {
			isa = PBXGroup;
			children = (
				1BA5633D2710496C001F7EA1 /* ImageFetcher.swift */,
			);
			path = "Network Layer";
			sourceTree = "<group>";
		};
		1BA56340271049F3001F7EA1 /* Helpers */ = {
			isa = PBXGroup;
			children = (
				1BA5634127104A06001F7EA1 /* MacOSUIImage.swift */,
			);
			path = Helpers;
			sourceTree = "<group>";
		};
/* End PBXGroup section */

/* Begin PBXNativeTarget section */
		1BA5632027104945001F7EA1 /* SwiftUIGram (iOS) */ = {
			isa = PBXNativeTarget;
			buildConfigurationList = 1BA5633527104945001F7EA1 /* Build configuration list for PBXNativeTarget "SwiftUIGram (iOS)" */;
			buildPhases = (
				1BA5631D27104945001F7EA1 /* Sources */,
				1BA5631E27104945001F7EA1 /* Frameworks */,
				1BA5631F27104945001F7EA1 /* Resources */,
			);
			buildRules = (
			);
			dependencies = (
			);
			name = "SwiftUIGram (iOS)";
			productName = "SwiftUIGram (iOS)";
			productReference = 1BA5632127104945001F7EA1 /* SwiftUIGram.app */;
			productType = "com.apple.product-type.application";
		};
		1BA5632827104945001F7EA1 /* SwiftUIGram (macOS) */ = {
			isa = PBXNativeTarget;
			buildConfigurationList = 1BA5633827104945001F7EA1 /* Build configuration list for PBXNativeTarget "SwiftUIGram (macOS)" */;
			buildPhases = (
				1BA5632527104945001F7EA1 /* Sources */,
				1BA5632627104945001F7EA1 /* Frameworks */,
				1BA5632727104945001F7EA1 /* Resources */,
			);
			buildRules = (
			);
			dependencies = (
			);
			name = "SwiftUIGram (macOS)";
			productName = "SwiftUIGram (macOS)";
			productReference = 1BA5632927104945001F7EA1 /* SwiftUIGram.app */;
			productType = "com.apple.product-type.application";
		};
/* End PBXNativeTarget section */

/* Begin PBXProject section */
		1BA5631527104943001F7EA1 /* Project object */ = {
			isa = PBXProject;
			attributes = {
				LastSwiftUpdateCheck = 1250;
				LastUpgradeCheck = 1250;
				TargetAttributes = {
					1BA5632027104945001F7EA1 = {
						CreatedOnToolsVersion = 12.5.1;
					};
					1BA5632827104945001F7EA1 = {
						CreatedOnToolsVersion = 12.5.1;
					};
				};
			};
			buildConfigurationList = 1BA5631827104943001F7EA1 /* Build configuration list for PBXProject "SwiftUIGram" */;
			compatibilityVersion = "Xcode 9.3";
			developmentRegion = en;
			hasScannedForEncodings = 0;
			knownRegions = (
				en,
				Base,
			);
			mainGroup = 1BA5631427104943001F7EA1;
			productRefGroup = 1BA5632227104945001F7EA1 /* Products */;
			projectDirPath = "";
			projectRoot = "";
			targets = (
				1BA5632027104945001F7EA1 /* SwiftUIGram (iOS) */,
				1BA5632827104945001F7EA1 /* SwiftUIGram (macOS) */,
			);
		};
/* End PBXProject section */

/* Begin PBXResourcesBuildPhase section */
		1BA5631F27104945001F7EA1 /* Resources */ = {
			isa = PBXResourcesBuildPhase;
			buildActionMask = 2147483647;
			files = (
				1BA5633127104945001F7EA1 /* Assets.xcassets in Resources */,
			);
			runOnlyForDeploymentPostprocessing = 0;
		};
		1BA5632727104945001F7EA1 /* Resources */ = {
			isa = PBXResourcesBuildPhase;
			buildActionMask = 2147483647;
			files = (
				1BA5633227104945001F7EA1 /* Assets.xcassets in Resources */,
			);
			runOnlyForDeploymentPostprocessing = 0;
		};
/* End PBXResourcesBuildPhase section */

/* Begin PBXSourcesBuildPhase section */
		1BA5631D27104945001F7EA1 /* Sources */ = {
			isa = PBXSourcesBuildPhase;
			buildActionMask = 2147483647;
			files = (
				1B8343072711E84100BB9862 /* PostViewModel.swift in Sources */,
				1BA5633E2710496C001F7EA1 /* ImageFetcher.swift in Sources */,
				1B8343012711E79800BB9862 /* ProfileImage.swift in Sources */,
				1BA5632F27104945001F7EA1 /* Feed.swift in Sources */,
				1BA5632D27104945001F7EA1 /* SwiftUIGramApp.swift in Sources */,
				1B8342FC2711E73000BB9862 /* PostContent.swift in Sources */,
				1B8342FE2711E73C00BB9862 /* InteractionBar.swift in Sources */,
				1B8343042711E7DA00BB9862 /* Models.swift in Sources */,
				1B8342F82711E70100BB9862 /* Post.swift in Sources */,
				1B8342FA2711E72300BB9862 /* PostHeader.swift in Sources */,
			);
			runOnlyForDeploymentPostprocessing = 0;
		};
		1BA5632527104945001F7EA1 /* Sources */ = {
			isa = PBXSourcesBuildPhase;
			buildActionMask = 2147483647;
			files = (
				1BA5634227104A06001F7EA1 /* MacOSUIImage.swift in Sources */,
			);
			runOnlyForDeploymentPostprocessing = 0;
		};
/* End PBXSourcesBuildPhase section */

/* Begin XCBuildConfiguration section */
		1BA5633327104945001F7EA1 /* Debug */ = {
			isa = XCBuildConfiguration;
			buildSettings = {
				ALWAYS_SEARCH_USER_PATHS = NO;
				CLANG_ANALYZER_NONNULL = YES;
				CLANG_ANALYZER_NUMBER_OBJECT_CONVERSION = YES_AGGRESSIVE;
				CLANG_CXX_LANGUAGE_STANDARD = "gnu++14";
				CLANG_CXX_LIBRARY = "libc++";
				CLANG_ENABLE_MODULES = YES;
				CLANG_ENABLE_OBJC_ARC = YES;
				CLANG_ENABLE_OBJC_WEAK = YES;
				CLANG_WARN_BLOCK_CAPTURE_AUTORELEASING = YES;
				CLANG_WARN_BOOL_CONVERSION = YES;
				CLANG_WARN_COMMA = YES;
				CLANG_WARN_CONSTANT_CONVERSION = YES;
				CLANG_WARN_DEPRECATED_OBJC_IMPLEMENTATIONS = YES;
				CLANG_WARN_DIRECT_OBJC_ISA_USAGE = YES_ERROR;
				CLANG_WARN_DOCUMENTATION_COMMENTS = YES;
				CLANG_WARN_EMPTY_BODY = YES;
				CLANG_WARN_ENUM_CONVERSION = YES;
				CLANG_WARN_INFINITE_RECURSION = YES;
				CLANG_WARN_INT_CONVERSION = YES;
				CLANG_WARN_NON_LITERAL_NULL_CONVERSION = YES;
				CLANG_WARN_OBJC_IMPLICIT_RETAIN_SELF = YES;
				CLANG_WARN_OBJC_LITERAL_CONVERSION = YES;
				CLANG_WARN_OBJC_ROOT_CLASS = YES_ERROR;
				CLANG_WARN_QUOTED_INCLUDE_IN_FRAMEWORK_HEADER = YES;
				CLANG_WARN_RANGE_LOOP_ANALYSIS = YES;
				CLANG_WARN_STRICT_PROTOTYPES = YES;
				CLANG_WARN_SUSPICIOUS_MOVE = YES;
				CLANG_WARN_UNGUARDED_AVAILABILITY = YES_AGGRESSIVE;
				CLANG_WARN_UNREACHABLE_CODE = YES;
				CLANG_WARN__DUPLICATE_METHOD_MATCH = YES;
				COPY_PHASE_STRIP = NO;
				DEBUG_INFORMATION_FORMAT = dwarf;
				ENABLE_STRICT_OBJC_MSGSEND = YES;
				ENABLE_TESTABILITY = YES;
				GCC_C_LANGUAGE_STANDARD = gnu11;
				GCC_DYNAMIC_NO_PIC = NO;
				GCC_NO_COMMON_BLOCKS = YES;
				GCC_OPTIMIZATION_LEVEL = 0;
				GCC_PREPROCESSOR_DEFINITIONS = (
					"DEBUG=1",
					"$(inherited)",
				);
				GCC_WARN_64_TO_32_BIT_CONVERSION = YES;
				GCC_WARN_ABOUT_RETURN_TYPE = YES_ERROR;
				GCC_WARN_UNDECLARED_SELECTOR = YES;
				GCC_WARN_UNINITIALIZED_AUTOS = YES_AGGRESSIVE;
				GCC_WARN_UNUSED_FUNCTION = YES;
				GCC_WARN_UNUSED_VARIABLE = YES;
				MTL_ENABLE_DEBUG_INFO = INCLUDE_SOURCE;
				MTL_FAST_MATH = YES;
				ONLY_ACTIVE_ARCH = YES;
				SWIFT_ACTIVE_COMPILATION_CONDITIONS = DEBUG;
				SWIFT_OPTIMIZATION_LEVEL = "-Onone";
			};
			name = Debug;
		};
		1BA5633427104945001F7EA1 /* Release */ = {
			isa = XCBuildConfiguration;
			buildSettings = {
				ALWAYS_SEARCH_USER_PATHS = NO;
				CLANG_ANALYZER_NONNULL = YES;
				CLANG_ANALYZER_NUMBER_OBJECT_CONVERSION = YES_AGGRESSIVE;
				CLANG_CXX_LANGUAGE_STANDARD = "gnu++14";
				CLANG_CXX_LIBRARY = "libc++";
				CLANG_ENABLE_MODULES = YES;
				CLANG_ENABLE_OBJC_ARC = YES;
				CLANG_ENABLE_OBJC_WEAK = YES;
				CLANG_WARN_BLOCK_CAPTURE_AUTORELEASING = YES;
				CLANG_WARN_BOOL_CONVERSION = YES;
				CLANG_WARN_COMMA = YES;
				CLANG_WARN_CONSTANT_CONVERSION = YES;
				CLANG_WARN_DEPRECATED_OBJC_IMPLEMENTATIONS = YES;
				CLANG_WARN_DIRECT_OBJC_ISA_USAGE = YES_ERROR;
				CLANG_WARN_DOCUMENTATION_COMMENTS = YES;
				CLANG_WARN_EMPTY_BODY = YES;
				CLANG_WARN_ENUM_CONVERSION = YES;
				CLANG_WARN_INFINITE_RECURSION = YES;
				CLANG_WARN_INT_CONVERSION = YES;
				CLANG_WARN_NON_LITERAL_NULL_CONVERSION = YES;
				CLANG_WARN_OBJC_IMPLICIT_RETAIN_SELF = YES;
				CLANG_WARN_OBJC_LITERAL_CONVERSION = YES;
				CLANG_WARN_OBJC_ROOT_CLASS = YES_ERROR;
				CLANG_WARN_QUOTED_INCLUDE_IN_FRAMEWORK_HEADER = YES;
				CLANG_WARN_RANGE_LOOP_ANALYSIS = YES;
				CLANG_WARN_STRICT_PROTOTYPES = YES;
				CLANG_WARN_SUSPICIOUS_MOVE = YES;
				CLANG_WARN_UNGUARDED_AVAILABILITY = YES_AGGRESSIVE;
				CLANG_WARN_UNREACHABLE_CODE = YES;
				CLANG_WARN__DUPLICATE_METHOD_MATCH = YES;
				COPY_PHASE_STRIP = NO;
				DEBUG_INFORMATION_FORMAT = "dwarf-with-dsym";
				ENABLE_NS_ASSERTIONS = NO;
				ENABLE_STRICT_OBJC_MSGSEND = YES;
				GCC_C_LANGUAGE_STANDARD = gnu11;
				GCC_NO_COMMON_BLOCKS = YES;
				GCC_WARN_64_TO_32_BIT_CONVERSION = YES;
				GCC_WARN_ABOUT_RETURN_TYPE = YES_ERROR;
				GCC_WARN_UNDECLARED_SELECTOR = YES;
				GCC_WARN_UNINITIALIZED_AUTOS = YES_AGGRESSIVE;
				GCC_WARN_UNUSED_FUNCTION = YES;
				GCC_WARN_UNUSED_VARIABLE = YES;
				MTL_ENABLE_DEBUG_INFO = NO;
				MTL_FAST_MATH = YES;
				SWIFT_COMPILATION_MODE = wholemodule;
				SWIFT_OPTIMIZATION_LEVEL = "-O";
			};
			name = Release;
		};
		1BA5633627104945001F7EA1 /* Debug */ = {
			isa = XCBuildConfiguration;
			buildSettings = {
				ASSETCATALOG_COMPILER_APPICON_NAME = AppIcon;
				ASSETCATALOG_COMPILER_GLOBAL_ACCENT_COLOR_NAME = AccentColor;
				CODE_SIGN_STYLE = Automatic;
				DEVELOPMENT_TEAM = J8GC4H4279;
				ENABLE_PREVIEWS = YES;
				INFOPLIST_FILE = iOS/Info.plist;
				IPHONEOS_DEPLOYMENT_TARGET = 14.0;
				LD_RUNPATH_SEARCH_PATHS = (
					"$(inherited)",
					"@executable_path/Frameworks",
				);
				PRODUCT_BUNDLE_IDENTIFIER = silverio.flavio.SwiftUIGram;
				PRODUCT_NAME = SwiftUIGram;
				SDKROOT = iphoneos;
				SWIFT_VERSION = 5.0;
				TARGETED_DEVICE_FAMILY = "1,2";
			};
			name = Debug;
		};
		1BA5633727104945001F7EA1 /* Release */ = {
			isa = XCBuildConfiguration;
			buildSettings = {
				ASSETCATALOG_COMPILER_APPICON_NAME = AppIcon;
				ASSETCATALOG_COMPILER_GLOBAL_ACCENT_COLOR_NAME = AccentColor;
				CODE_SIGN_STYLE = Automatic;
				DEVELOPMENT_TEAM = J8GC4H4279;
				ENABLE_PREVIEWS = YES;
				INFOPLIST_FILE = iOS/Info.plist;
				IPHONEOS_DEPLOYMENT_TARGET = 14.0;
				LD_RUNPATH_SEARCH_PATHS = (
					"$(inherited)",
					"@executable_path/Frameworks",
				);
				PRODUCT_BUNDLE_IDENTIFIER = silverio.flavio.SwiftUIGram;
				PRODUCT_NAME = SwiftUIGram;
				SDKROOT = iphoneos;
				SWIFT_VERSION = 5.0;
				TARGETED_DEVICE_FAMILY = "1,2";
				VALIDATE_PRODUCT = YES;
			};
			name = Release;
		};
		1BA5633927104945001F7EA1 /* Debug */ = {
			isa = XCBuildConfiguration;
			buildSettings = {
				ASSETCATALOG_COMPILER_APPICON_NAME = AppIcon;
				ASSETCATALOG_COMPILER_GLOBAL_ACCENT_COLOR_NAME = AccentColor;
				CODE_SIGN_ENTITLEMENTS = macOS/macOS.entitlements;
				CODE_SIGN_STYLE = Automatic;
				COMBINE_HIDPI_IMAGES = YES;
				DEVELOPMENT_TEAM = J8GC4H4279;
				ENABLE_HARDENED_RUNTIME = YES;
				ENABLE_PREVIEWS = YES;
				INFOPLIST_FILE = macOS/Info.plist;
				LD_RUNPATH_SEARCH_PATHS = (
					"$(inherited)",
					"@executable_path/../Frameworks",
				);
				MACOSX_DEPLOYMENT_TARGET = 11.0;
				PRODUCT_BUNDLE_IDENTIFIER = silverio.flavio.SwiftUIGram;
				PRODUCT_NAME = SwiftUIGram;
				SDKROOT = macosx;
				SWIFT_VERSION = 5.0;
			};
			name = Debug;
		};
		1BA5633A27104945001F7EA1 /* Release */ = {
			isa = XCBuildConfiguration;
			buildSettings = {
				ASSETCATALOG_COMPILER_APPICON_NAME = AppIcon;
				ASSETCATALOG_COMPILER_GLOBAL_ACCENT_COLOR_NAME = AccentColor;
				CODE_SIGN_ENTITLEMENTS = macOS/macOS.entitlements;
				CODE_SIGN_STYLE = Automatic;
				COMBINE_HIDPI_IMAGES = YES;
				DEVELOPMENT_TEAM = J8GC4H4279;
				ENABLE_HARDENED_RUNTIME = YES;
				ENABLE_PREVIEWS = YES;
				INFOPLIST_FILE = macOS/Info.plist;
				LD_RUNPATH_SEARCH_PATHS = (
					"$(inherited)",
					"@executable_path/../Frameworks",
				);
				MACOSX_DEPLOYMENT_TARGET = 11.0;
				PRODUCT_BUNDLE_IDENTIFIER = silverio.flavio.SwiftUIGram;
				PRODUCT_NAME = SwiftUIGram;
				SDKROOT = macosx;
				SWIFT_VERSION = 5.0;
			};
			name = Release;
		};
/* End XCBuildConfiguration section */

/* Begin XCConfigurationList section */
		1BA5631827104943001F7EA1 /* Build configuration list for PBXProject "SwiftUIGram" */ = {
			isa = XCConfigurationList;
			buildConfigurations = (
				1BA5633327104945001F7EA1 /* Debug */,
				1BA5633427104945001F7EA1 /* Release */,
			);
			defaultConfigurationIsVisible = 0;
			defaultConfigurationName = Release;
		};
		1BA5633527104945001F7EA1 /* Build configuration list for PBXNativeTarget "SwiftUIGram (iOS)" */ = {
			isa = XCConfigurationList;
			buildConfigurations = (
				1BA5633627104945001F7EA1 /* Debug */,
				1BA5633727104945001F7EA1 /* Release */,
			);
			defaultConfigurationIsVisible = 0;
			defaultConfigurationName = Release;
		};
		1BA5633827104945001F7EA1 /* Build configuration list for PBXNativeTarget "SwiftUIGram (macOS)" */ = {
			isa = XCConfigurationList;
			buildConfigurations = (
				1BA5633927104945001F7EA1 /* Debug */,
				1BA5633A27104945001F7EA1 /* Release */,
			);
			defaultConfigurationIsVisible = 0;
			defaultConfigurationName = Release;
		};
/* End XCConfigurationList section */
	};
	rootObject = 1BA5631527104943001F7EA1 /* Project object */;
}
